
Microsoft Visual Studio Solution File, Format Version 12.00
# Visual Studio Version 16
VisualStudioVersion = 16.0.30011.22
MinimumVisualStudioVersion = 10.0.40219.1
Project("{9A19103F-16F7-4668-BE54-9A1E7A4F7556}") = "LeaseInfoWebAPI", "LeaseInfoWebAPI\LeaseInfoWebAPI.csproj", "{3E0F63C4-12A6-421E-A70D-8EC5E696468C}"
EndProject
Project("{9A19103F-16F7-4668-BE54-9A1E7A4F7556}") = "LeaseInfoWebAPI.Data", "LeaseInfoWebAPI.Data\LeaseInfoWebAPI.Data.csproj", "{79FC07B2-91CE-477C-8BB5-17EA315A4823}"
EndProject
Project("{FAE04EC0-301F-11D3-BF4B-00C04F79EFBC}") = "LeaseInfoWebAPI.Domain", "LeaseInfoWebAPI.Domain\LeaseInfoWebAPI.Domain.csproj", "{1D9DB6A6-0959-4CD7-824E-4598C5E06436}"
EndProject
Global
	GlobalSection(SolutionConfigurationPlatforms) = preSolution
		Debug|Any CPU = Debug|Any CPU
		Release|Any CPU = Release|Any CPU
	EndGlobalSection
	GlobalSection(ProjectConfigurationPlatforms) = postSolution
		{3E0F63C4-12A6-421E-A70D-8EC5E696468C}.Debug|Any CPU.ActiveCfg = Debug|Any CPU
		{3E0F63C4-12A6-421E-A70D-8EC5E696468C}.Debug|Any CPU.Build.0 = Debug|Any CPU
		{3E0F63C4-12A6-421E-A70D-8EC5E696468C}.Release|Any CPU.ActiveCfg = Release|Any CPU
		{3E0F63C4-12A6-421E-A70D-8EC5E696468C}.Release|Any CPU.Build.0 = Release|Any CPU
		{79FC07B2-91CE-477C-8BB5-17EA315A4823}.Debug|Any CPU.ActiveCfg = Debug|Any CPU
		{79FC07B2-91CE-477C-8BB5-17EA315A4823}.Debug|Any CPU.Build.0 = Debug|Any CPU
		{79FC07B2-91CE-477C-8BB5-17EA315A4823}.Release|Any CPU.ActiveCfg = Release|Any CPU
		{79FC07B2-91CE-477C-8BB5-17EA315A4823}.Release|Any CPU.Build.0 = Release|Any CPU
		{1D9DB6A6-0959-4CD7-824E-4598C5E06436}.Debug|Any CPU.ActiveCfg = Debug|Any CPU
		{1D9DB6A6-0959-4CD7-824E-4598C5E06436}.Debug|Any CPU.Build.0 = Debug|Any CPU
		{1D9DB6A6-0959-4CD7-824E-4598C5E06436}.Release|Any CPU.ActiveCfg = Release|Any CPU
		{1D9DB6A6-0959-4CD7-824E-4598C5E06436}.Release|Any CPU.Build.0 = Release|Any CPU
	EndGlobalSection
	GlobalSection(SolutionProperties) = preSolution
		HideSolutionNode = FALSE
	EndGlobalSection
	GlobalSection(ExtensibilityGlobals) = postSolution
		SolutionGuid = {1089E3CC-C566-46F1-961F-01E1AA622877}
	EndGlobalSection
EndGlobal
